
Microsoft Visual Studio Solution File, Format Version 12.00
# Visual Studio 15
VisualStudioVersion = 15.0.28307.1062
MinimumVisualStudioVersion = 10.0.40219.1
Project("{FAE04EC0-301F-11D3-BF4B-00C04F79EFBC}") = "ConsoleApp1", "ConsoleApp1\ConsoleApp1.csproj", "{D89CCD2F-A0AA-47A5-AEA8-2E0785D6427A}"
EndProject
Global
	GlobalSection(SolutionConfigurationPlatforms) = preSolution
		Debug|Any CPU = Debug|Any CPU
		Release|Any CPU = Release|Any CPU
	EndGlobalSection
	GlobalSection(ProjectConfigurationPlatforms) = postSolution
		{D89CCD2F-A0AA-47A5-AEA8-2E0785D6427A}.Debug|Any CPU.ActiveCfg = Debug|Any CPU
		{D89CCD2F-A0AA-47A5-AEA8-2E0785D6427A}.Debug|Any CPU.Build.0 = Debug|Any CPU
		{D89CCD2F-A0AA-47A5-AEA8-2E0785D6427A}.Release|Any CPU.ActiveCfg = Release|Any CPU
		{D89CCD2F-A0AA-47A5-AEA8-2E0785D6427A}.Release|Any CPU.Build.0 = Release|Any CPU
	EndGlobalSection
	GlobalSection(SolutionProperties) = preSolution
		HideSolutionNode = FALSE
	EndGlobalSection
	GlobalSection(ExtensibilityGlobals) = postSolution
		SolutionGuid = {0EAB2861-79A8-47E2-B3EB-87E19CD30052}
	EndGlobalSection
EndGlobal
